
Microsoft Visual Studio Solution File, Format Version 12.00
# Visual Studio Version 16
VisualStudioVersion = 16.0.32901.82
MinimumVisualStudioVersion = 10.0.40219.1
Project("{FAE04EC0-301F-11D3-BF4B-00C04F79EFBC}") = "6_Lab_4_Sem", "6_Lab_4_Sem.csproj", "{57BF098C-E90E-4D0A-8AD1-0851FC05E684}"
EndProject
Global
	GlobalSection(SolutionConfigurationPlatforms) = preSolution
		Debug|Any CPU = Debug|Any CPU
		Release|Any CPU = Release|Any CPU
	EndGlobalSection
	GlobalSection(ProjectConfigurationPlatforms) = postSolution
		{57BF098C-E90E-4D0A-8AD1-0851FC05E684}.Debug|Any CPU.ActiveCfg = Debug|Any CPU
		{57BF098C-E90E-4D0A-8AD1-0851FC05E684}.Debug|Any CPU.Build.0 = Debug|Any CPU
		{57BF098C-E90E-4D0A-8AD1-0851FC05E684}.Release|Any CPU.ActiveCfg = Release|Any CPU
		{57BF098C-E90E-4D0A-8AD1-0851FC05E684}.Release|Any CPU.Build.0 = Release|Any CPU
	EndGlobalSection
	GlobalSection(SolutionProperties) = preSolution
		HideSolutionNode = FALSE
	EndGlobalSection
	GlobalSection(ExtensibilityGlobals) = postSolution
		SolutionGuid = {DCFB4961-E307-4157-BC37-83BF728BACB4}
	EndGlobalSection
EndGlobal
